
Microsoft Visual Studio Solution File, Format Version 12.00
Project("{FAE04EC0-301F-11D3-BF4B-00C04F79EFBC}") = "GpChatBot.Api", "GpChatBot.Api\GpChatBot.Api.csproj", "{79BA6218-929D-4AE1-962E-8213991AD87A}"
EndProject
Project("{FAE04EC0-301F-11D3-BF4B-00C04F79EFBC}") = "GpChatBot.Database", "GpChatBot.Database\GpChatBot.Database.csproj", "{E377CDE5-AF5E-4414-A32B-BAD4C2C1D804}"
EndProject
Project("{FAE04EC0-301F-11D3-BF4B-00C04F79EFBC}") = "GpChatBot.Services", "GpChatBot.Services\GpChatBot.Services.csproj", "{050D51FA-3006-4CE5-A665-CFD29A3CE388}"
EndProject
Global
	GlobalSection(SolutionConfigurationPlatforms) = preSolution
		Debug|Any CPU = Debug|Any CPU
		Release|Any CPU = Release|Any CPU
	EndGlobalSection
	GlobalSection(ProjectConfigurationPlatforms) = postSolution
		{79BA6218-929D-4AE1-962E-8213991AD87A}.Debug|Any CPU.ActiveCfg = Debug|Any CPU
		{79BA6218-929D-4AE1-962E-8213991AD87A}.Debug|Any CPU.Build.0 = Debug|Any CPU
		{79BA6218-929D-4AE1-962E-8213991AD87A}.Release|Any CPU.ActiveCfg = Release|Any CPU
		{79BA6218-929D-4AE1-962E-8213991AD87A}.Release|Any CPU.Build.0 = Release|Any CPU
		{E377CDE5-AF5E-4414-A32B-BAD4C2C1D804}.Debug|Any CPU.ActiveCfg = Debug|Any CPU
		{E377CDE5-AF5E-4414-A32B-BAD4C2C1D804}.Debug|Any CPU.Build.0 = Debug|Any CPU
		{E377CDE5-AF5E-4414-A32B-BAD4C2C1D804}.Release|Any CPU.ActiveCfg = Release|Any CPU
		{E377CDE5-AF5E-4414-A32B-BAD4C2C1D804}.Release|Any CPU.Build.0 = Release|Any CPU
		{050D51FA-3006-4CE5-A665-CFD29A3CE388}.Debug|Any CPU.ActiveCfg = Debug|Any CPU
		{050D51FA-3006-4CE5-A665-CFD29A3CE388}.Debug|Any CPU.Build.0 = Debug|Any CPU
		{050D51FA-3006-4CE5-A665-CFD29A3CE388}.Release|Any CPU.ActiveCfg = Release|Any CPU
		{050D51FA-3006-4CE5-A665-CFD29A3CE388}.Release|Any CPU.Build.0 = Release|Any CPU
	EndGlobalSection
EndGlobal
